
Microsoft Visual Studio Solution File, Format Version 12.00
# Visual Studio Version 17
VisualStudioVersion = 17.6.33723.286
MinimumVisualStudioVersion = 10.0.40219.1
Project("{9A19103F-16F7-4668-BE54-9A1E7A4F7556}") = "CampIntro-EBUBEKIR", "CampIntro-EBUBEKIR\CampIntro-EBUBEKIR.csproj", "{C90C2298-D063-4FBC-89BD-17689BC0ADEF}"
EndProject
Project("{9A19103F-16F7-4668-BE54-9A1E7A4F7556}") = "Donguler", "Donguler\Donguler.csproj", "{1D697EC6-6E18-4690-A90D-55B3817A7CF3}"
EndProject
Project("{9A19103F-16F7-4668-BE54-9A1E7A4F7556}") = "Classİntro", "Classİntro\Classİntro.csproj", "{7CDF73D3-DD5C-4F22-9CA1-C3739AC702B9}"
EndProject
Project("{9A19103F-16F7-4668-BE54-9A1E7A4F7556}") = "2.ders tekrar", "2.ders tekrar\2.ders tekrar.csproj", "{1017ADB4-BD8B-426D-AEDB-4510CC8119EB}"
EndProject
Project("{9A19103F-16F7-4668-BE54-9A1E7A4F7556}") = "DÖNGÜLER TEKRAR", "DÖNGÜLER TEKRAR\DÖNGÜLER TEKRAR.csproj", "{64A9E69C-5DC3-4C00-A888-9E83034BEEA8}"
EndProject
Project("{9A19103F-16F7-4668-BE54-9A1E7A4F7556}") = "clas1 tekrar", "clas1 tekrar\clas1 tekrar.csproj", "{2A4D7530-C9CB-4AD0-983B-14780E890F9B}"
EndProject
Project("{9A19103F-16F7-4668-BE54-9A1E7A4F7556}") = "Metotlar", "Metotlar\Metotlar.csproj", "{4180B368-7C91-4557-9633-87574948F040}"
EndProject
Project("{9A19103F-16F7-4668-BE54-9A1E7A4F7556}") = "Matematik", "Matematik\Matematik.csproj", "{19C87BBA-A462-4D3B-95E7-ABFA565E629E}"
EndProject
Project("{9A19103F-16F7-4668-BE54-9A1E7A4F7556}") = "METOTLAR TEKRAR", "METOTLAR TEKRAR\METOTLAR TEKRAR.csproj", "{B66DA744-BDB4-4B07-986E-0D01C886E5F9}"
EndProject
Project("{9A19103F-16F7-4668-BE54-9A1E7A4F7556}") = "classExample", "classExample\classExample.csproj", "{8FE7B4BA-272F-4822-8B02-80EE28525C61}"
EndProject
Project("{9A19103F-16F7-4668-BE54-9A1E7A4F7556}") = "DegerVeReferansTipler", "DegerVeReferansTipler\DegerVeReferansTipler.csproj", "{D6E98EBE-55A8-429F-BAF8-0AB2EB7A7A39}"
EndProject
Project("{9A19103F-16F7-4668-BE54-9A1E7A4F7556}") = "OOP1", "OOP1\OOP1.csproj", "{2D5CF43E-3934-4052-9C41-347A1940C8FE}"
EndProject
Project("{FAE04EC0-301F-11D3-BF4B-00C04F79EFBC}") = "3 . DERS TEKRAR", "3 . DERS TEKRAR\3 . DERS TEKRAR.csproj", "{C4441811-63FD-44D2-8593-9EC21900F997}"
EndProject
Global
	GlobalSection(SolutionConfigurationPlatforms) = preSolution
		Debug|Any CPU = Debug|Any CPU
		Release|Any CPU = Release|Any CPU
	EndGlobalSection
	GlobalSection(ProjectConfigurationPlatforms) = postSolution
		{C90C2298-D063-4FBC-89BD-17689BC0ADEF}.Debug|Any CPU.ActiveCfg = Debug|Any CPU
		{C90C2298-D063-4FBC-89BD-17689BC0ADEF}.Debug|Any CPU.Build.0 = Debug|Any CPU
		{C90C2298-D063-4FBC-89BD-17689BC0ADEF}.Release|Any CPU.ActiveCfg = Release|Any CPU
		{C90C2298-D063-4FBC-89BD-17689BC0ADEF}.Release|Any CPU.Build.0 = Release|Any CPU
		{1D697EC6-6E18-4690-A90D-55B3817A7CF3}.Debug|Any CPU.ActiveCfg = Debug|Any CPU
		{1D697EC6-6E18-4690-A90D-55B3817A7CF3}.Debug|Any CPU.Build.0 = Debug|Any CPU
		{1D697EC6-6E18-4690-A90D-55B3817A7CF3}.Release|Any CPU.ActiveCfg = Release|Any CPU
		{1D697EC6-6E18-4690-A90D-55B3817A7CF3}.Release|Any CPU.Build.0 = Release|Any CPU
		{7CDF73D3-DD5C-4F22-9CA1-C3739AC702B9}.Debug|Any CPU.ActiveCfg = Debug|Any CPU
		{7CDF73D3-DD5C-4F22-9CA1-C3739AC702B9}.Debug|Any CPU.Build.0 = Debug|Any CPU
		{7CDF73D3-DD5C-4F22-9CA1-C3739AC702B9}.Release|Any CPU.ActiveCfg = Release|Any CPU
		{7CDF73D3-DD5C-4F22-9CA1-C3739AC702B9}.Release|Any CPU.Build.0 = Release|Any CPU
		{1017ADB4-BD8B-426D-AEDB-4510CC8119EB}.Debug|Any CPU.ActiveCfg = Debug|Any CPU
		{1017ADB4-BD8B-426D-AEDB-4510CC8119EB}.Debug|Any CPU.Build.0 = Debug|Any CPU
		{1017ADB4-BD8B-426D-AEDB-4510CC8119EB}.Release|Any CPU.ActiveCfg = Release|Any CPU
		{1017ADB4-BD8B-426D-AEDB-4510CC8119EB}.Release|Any CPU.Build.0 = Release|Any CPU
		{64A9E69C-5DC3-4C00-A888-9E83034BEEA8}.Debug|Any CPU.ActiveCfg = Debug|Any CPU
		{64A9E69C-5DC3-4C00-A888-9E83034BEEA8}.Debug|Any CPU.Build.0 = Debug|Any CPU
		{64A9E69C-5DC3-4C00-A888-9E83034BEEA8}.Release|Any CPU.ActiveCfg = Release|Any CPU
		{64A9E69C-5DC3-4C00-A888-9E83034BEEA8}.Release|Any CPU.Build.0 = Release|Any CPU
		{2A4D7530-C9CB-4AD0-983B-14780E890F9B}.Debug|Any CPU.ActiveCfg = Debug|Any CPU
		{2A4D7530-C9CB-4AD0-983B-14780E890F9B}.Debug|Any CPU.Build.0 = Debug|Any CPU
		{2A4D7530-C9CB-4AD0-983B-14780E890F9B}.Release|Any CPU.ActiveCfg = Release|Any CPU
		{2A4D7530-C9CB-4AD0-983B-14780E890F9B}.Release|Any CPU.Build.0 = Release|Any CPU
		{4180B368-7C91-4557-9633-87574948F040}.Debug|Any CPU.ActiveCfg = Debug|Any CPU
		{4180B368-7C91-4557-9633-87574948F040}.Debug|Any CPU.Build.0 = Debug|Any CPU
		{4180B368-7C91-4557-9633-87574948F040}.Release|Any CPU.ActiveCfg = Release|Any CPU
		{4180B368-7C91-4557-9633-87574948F040}.Release|Any CPU.Build.0 = Release|Any CPU
		{19C87BBA-A462-4D3B-95E7-ABFA565E629E}.Debug|Any CPU.ActiveCfg = Debug|Any CPU
		{19C87BBA-A462-4D3B-95E7-ABFA565E629E}.Debug|Any CPU.Build.0 = Debug|Any CPU
		{19C87BBA-A462-4D3B-95E7-ABFA565E629E}.Release|Any CPU.ActiveCfg = Release|Any CPU
		{19C87BBA-A462-4D3B-95E7-ABFA565E629E}.Release|Any CPU.Build.0 = Release|Any CPU
		{B66DA744-BDB4-4B07-986E-0D01C886E5F9}.Debug|Any CPU.ActiveCfg = Debug|Any CPU
		{B66DA744-BDB4-4B07-986E-0D01C886E5F9}.Debug|Any CPU.Build.0 = Debug|Any CPU
		{B66DA744-BDB4-4B07-986E-0D01C886E5F9}.Release|Any CPU.ActiveCfg = Release|Any CPU
		{B66DA744-BDB4-4B07-986E-0D01C886E5F9}.Release|Any CPU.Build.0 = Release|Any CPU
		{8FE7B4BA-272F-4822-8B02-80EE28525C61}.Debug|Any CPU.ActiveCfg = Debug|Any CPU
		{8FE7B4BA-272F-4822-8B02-80EE28525C61}.Debug|Any CPU.Build.0 = Debug|Any CPU
		{8FE7B4BA-272F-4822-8B02-80EE28525C61}.Release|Any CPU.ActiveCfg = Release|Any CPU
		{8FE7B4BA-272F-4822-8B02-80EE28525C61}.Release|Any CPU.Build.0 = Release|Any CPU
		{D6E98EBE-55A8-429F-BAF8-0AB2EB7A7A39}.Debug|Any CPU.ActiveCfg = Debug|Any CPU
		{D6E98EBE-55A8-429F-BAF8-0AB2EB7A7A39}.Debug|Any CPU.Build.0 = Debug|Any CPU
		{D6E98EBE-55A8-429F-BAF8-0AB2EB7A7A39}.Release|Any CPU.ActiveCfg = Release|Any CPU
		{D6E98EBE-55A8-429F-BAF8-0AB2EB7A7A39}.Release|Any CPU.Build.0 = Release|Any CPU
		{2D5CF43E-3934-4052-9C41-347A1940C8FE}.Debug|Any CPU.ActiveCfg = Debug|Any CPU
		{2D5CF43E-3934-4052-9C41-347A1940C8FE}.Debug|Any CPU.Build.0 = Debug|Any CPU
		{2D5CF43E-3934-4052-9C41-347A1940C8FE}.Release|Any CPU.ActiveCfg = Release|Any CPU
		{2D5CF43E-3934-4052-9C41-347A1940C8FE}.Release|Any CPU.Build.0 = Release|Any CPU
		{C4441811-63FD-44D2-8593-9EC21900F997}.Debug|Any CPU.ActiveCfg = Debug|Any CPU
		{C4441811-63FD-44D2-8593-9EC21900F997}.Debug|Any CPU.Build.0 = Debug|Any CPU
		{C4441811-63FD-44D2-8593-9EC21900F997}.Release|Any CPU.ActiveCfg = Release|Any CPU
		{C4441811-63FD-44D2-8593-9EC21900F997}.Release|Any CPU.Build.0 = Release|Any CPU
	EndGlobalSection
	GlobalSection(SolutionProperties) = preSolution
		HideSolutionNode = FALSE
	EndGlobalSection
	GlobalSection(ExtensibilityGlobals) = postSolution
		SolutionGuid = {B6BD5864-8496-495A-B996-7DD3EADB2436}
	EndGlobalSection
EndGlobal
